
Microsoft Visual Studio Solution File, Format Version 12.00
# Visual Studio Version 16
VisualStudioVersion = 16.0.31129.286
MinimumVisualStudioVersion = 10.0.40219.1
Project("{FAE04EC0-301F-11D3-BF4B-00C04F79EFBC}") = "Sineme_Otomasyonu", "Sineme_Otomasyonu\Sineme_Otomasyonu.csproj", "{513191C4-8121-4DD6-9E81-A57E65EE0BCC}"
EndProject
Global
	GlobalSection(SolutionConfigurationPlatforms) = preSolution
		Debug|Any CPU = Debug|Any CPU
		Release|Any CPU = Release|Any CPU
	EndGlobalSection
	GlobalSection(ProjectConfigurationPlatforms) = postSolution
		{513191C4-8121-4DD6-9E81-A57E65EE0BCC}.Debug|Any CPU.ActiveCfg = Debug|Any CPU
		{513191C4-8121-4DD6-9E81-A57E65EE0BCC}.Debug|Any CPU.Build.0 = Debug|Any CPU
		{513191C4-8121-4DD6-9E81-A57E65EE0BCC}.Release|Any CPU.ActiveCfg = Release|Any CPU
		{513191C4-8121-4DD6-9E81-A57E65EE0BCC}.Release|Any CPU.Build.0 = Release|Any CPU
	EndGlobalSection
	GlobalSection(SolutionProperties) = preSolution
		HideSolutionNode = FALSE
	EndGlobalSection
	GlobalSection(ExtensibilityGlobals) = postSolution
		SolutionGuid = {191FED23-EE27-4F12-8EC0-88B7EA70A445}
	EndGlobalSection
EndGlobal
